github.com/StevenACoffman/skillet v0.10.0 h1:PpdDbX+NdDcETMf+fPksVLkDcmpg5IPloFanMerUbL8=
github.com/StevenACoffman/skillet v0.10.0/go.mod h1:ASlQ3/6uPMnxVKEQUaYnqcB0ch9zBdRg8e0NLmlI0qE=
github.com/StevenACoffman/toerr v0.1.0 h1:Bd9cPe/iAiFd9boP6fNcwkyJW7lwEKQtksWbbKVwNG0=
github.com/StevenACoffman/toerr v0.1.0/go.mod h1:AdIwfFGbcKfzztZts0uNo621iylYWOjGQL1YeFw3H1E=
github.com/goccy/go-yaml v1.19.2 h1:PmFC1S6h8ljIz6gMRBopkjP1TVT7xuwrButHID66PoM=
github.com/goccy/go-yaml v1.19.2/go.mod h1:XBurs7gK8ATbW4ZPGKgcbrY1Br56PdM69F7LkFRi1kA=
github.com/pelletier/go-toml/v2 v2.0.9 h1:uH2qQXheeefCCkuBBSLi7jCiSmj3VRh2+Goq2N7Xxu0=
github.com/pelletier/go-toml/v2 v2.0.9/go.mod h1:tJU2Z3ZkXwnxa4DPO899bsyIoywizdUvyaeZurnPPDc=
github.com/peterbourgon/ff/v4 v4.0.0-beta.1 h1:hV8qRu3V7YfiSMsBSfPfdcznAvPQd3jI5zDddSrDoUc=
github.com/peterbourgon/ff/v4 v4.0.0-beta.1/go.mod h1:onQJUKipvCyFmZ1rIYwFAh1BhPOvftb1uhvSI7krNLc=
github.com/yuin/goldmark v1.8.4 h1:oat/nd3U6NeQqFEL3xpEJq7d7c86NI+DbSNGAs4xnjA=
github.com/yuin/goldmark v1.8.4/go.mod h1:ip/1k0VRfGynBgxOz0yCqHrbZXhcjxyuS66Brc7iBKg=
gopkg.in/yaml.v2 v2.4.0 h1:D8xgwECY7CYvx+Y2n4sBz93Jn9JRvxdiyyo8CTfuKaY=
gopkg.in/yaml.v2 v2.4.0/go.mod h1:RDklbk79AGWmwhnvt/jBztapEOGDOx6ZbXqjP6csGnQ=
